
Microsoft Visual Studio Solution File, Format Version 12.00
# Visual Studio Version 16
VisualStudioVersion = 16.0.30204.135
MinimumVisualStudioVersion = 10.0.40219.1
Project("{FAE04EC0-301F-11D3-BF4B-00C04F79EFBC}") = "Member Portal", "Member Portal\Member Portal.csproj", "{B4DABD68-EB68-434E-B1B5-C181B9C36352}"
EndProject
Global
	GlobalSection(SolutionConfigurationPlatforms) = preSolution
		Debug|Any CPU = Debug|Any CPU
		Release|Any CPU = Release|Any CPU
	EndGlobalSection
	GlobalSection(ProjectConfigurationPlatforms) = postSolution
		{B4DABD68-EB68-434E-B1B5-C181B9C36352}.Debug|Any CPU.ActiveCfg = Debug|Any CPU
		{B4DABD68-EB68-434E-B1B5-C181B9C36352}.Debug|Any CPU.Build.0 = Debug|Any CPU
		{B4DABD68-EB68-434E-B1B5-C181B9C36352}.Release|Any CPU.ActiveCfg = Release|Any CPU
		{B4DABD68-EB68-434E-B1B5-C181B9C36352}.Release|Any CPU.Build.0 = Release|Any CPU
	EndGlobalSection
	GlobalSection(SolutionProperties) = preSolution
		HideSolutionNode = FALSE
	EndGlobalSection
	GlobalSection(ExtensibilityGlobals) = postSolution
		SolutionGuid = {0520F847-9A00-4A59-BAB3-B6E2E14850C9}
	EndGlobalSection
EndGlobal
